
Microsoft Visual Studio Solution File, Format Version 12.00
# Visual Studio 15
Project("{FAE04EC0-301F-11D3-BF4B-00C04F79EFBC}") = "Bomberman HowTo - Final Project", "Bomberman HowTo - Final Project.csproj", "{D9851948-3209-7CAF-7F28-9FBC48CE0858}"
EndProject
Global
	GlobalSection(SolutionConfigurationPlatforms) = preSolution
		Debug|Any CPU = Debug|Any CPU
		Release|Any CPU = Release|Any CPU
	EndGlobalSection
	GlobalSection(ProjectConfigurationPlatforms) = postSolution
		{D9851948-3209-7CAF-7F28-9FBC48CE0858}.Debug|Any CPU.ActiveCfg = Debug|Any CPU
		{D9851948-3209-7CAF-7F28-9FBC48CE0858}.Debug|Any CPU.Build.0 = Debug|Any CPU
		{D9851948-3209-7CAF-7F28-9FBC48CE0858}.Release|Any CPU.ActiveCfg = Release|Any CPU
		{D9851948-3209-7CAF-7F28-9FBC48CE0858}.Release|Any CPU.Build.0 = Release|Any CPU
	EndGlobalSection
	GlobalSection(SolutionProperties) = preSolution
		HideSolutionNode = FALSE
	EndGlobalSection
EndGlobal
